# This file was autogenerated by Stack.
# You should not edit this file by hand.
# For more information, please see the documentation at:
#   https://docs.haskellstack.org/en/stable/lock_files

packages:
- completed:
    hackage: launchdarkly-server-sdk-1.0.0@sha256:2e140e7cebcfbf7156764ac6d167e4c352e18a31cb4dd394f567c5169e0b888e,6034
    pantry-tree:
      size: 2578
      sha256: 6a5854b30ab7a4451f0bcfb987333969be4a81c57cb4b27e70d9357111a6cfc7
  original:
    hackage: launchdarkly-server-sdk-1.0.0
snapshots:
- completed:
    size: 524804
    url: https://raw.githubusercontent.com/commercialhaskell/stackage-snapshots/master/lts/14/16.yaml
    sha256: 4d1519a4372d051d47a5eae2241cf3fb54e113d7475f89707ddb6ec06add2888
  original: lts-14.16
