# This file was autogenerated by Stack.
# You should not edit this file by hand.
# For more information, please see the documentation at:
#   https://docs.haskellstack.org/en/stable/lock_files

packages:
- completed:
    cabal-file:
      size: 4639
      sha256: aa7ea0a06d514d03e4c47f75c86a1c931946a8ceb26b3298d35534eec2a3202b
    name: launchdarkly-server-sdk
    version: 0.1.0
    git: git@github.com:launchdarkly/haskell-server-sdk.git
    pantry-tree:
      size: 2568
      sha256: f7f4ec58a144d49747d2d8e5e8f1b8a53a31ff02e009b5607ebb71121a5dc7b8
    commit: ff490a9360eda956862076c6b4d7097fc3d1d866
  original:
    git: git@github.com:launchdarkly/haskell-server-sdk.git
    commit: ff490a9360eda956862076c6b4d7097fc3d1d866
snapshots:
- completed:
    size: 524804
    url: https://raw.githubusercontent.com/commercialhaskell/stackage-snapshots/master/lts/14/16.yaml
    sha256: 4d1519a4372d051d47a5eae2241cf3fb54e113d7475f89707ddb6ec06add2888
  original: lts-14.16
